// !$*UTF8*$!
{
	archiveVersion = 1;
	classes = {
	};
	objectVersion = 48;
	objects = {

/* Begin PBXBuildFile section */
		28354D441F9A073B0098A85B /* AppDelegate.swift in Sources */ = {isa = PBXBuildFile; fileRef = 28354D431F9A073B0098A85B /* AppDelegate.swift */; };
		28354D461F9A073B0098A85B /* ViewController.swift in Sources */ = {isa = PBXBuildFile; fileRef = 28354D451F9A073B0098A85B /* ViewController.swift */; };
		28354D491F9A073B0098A85B /* Main.storyboard in Resources */ = {isa = PBXBuildFile; fileRef = 28354D471F9A073B0098A85B /* Main.storyboard */; };
		28354D4B1F9A073B0098A85B /* Assets.xcassets in Resources */ = {isa = PBXBuildFile; fileRef = 28354D4A1F9A073B0098A85B /* Assets.xcassets */; };
		28354D4E1F9A073B0098A85B /* LaunchScreen.storyboard in Resources */ = {isa = PBXBuildFile; fileRef = 28354D4C1F9A073B0098A85B /* LaunchScreen.storyboard */; };
		28354D561F9A0B860098A85B /* DynamicViewCell.swift in Sources */ = {isa = PBXBuildFile; fileRef = 28354D551F9A0B860098A85B /* DynamicViewCell.swift */; };
		28354D5A1F9A25770098A85B /* String+Random.swift in Sources */ = {isa = PBXBuildFile; fileRef = 28354D591F9A25770098A85B /* String+Random.swift */; };
		28354D5C1F9A6CFE0098A85B /* Array+Model.swift in Sources */ = {isa = PBXBuildFile; fileRef = 28354D5B1F9A6CFE0098A85B /* Array+Model.swift */; };
/* End PBXBuildFile section */

/* Begin PBXFileReference section */
		28354D401F9A073B0098A85B /* Dynamic Cell.app */ = {isa = PBXFileReference; explicitFileType = wrapper.application; includeInIndex = 0; path = "Dynamic Cell.app"; sourceTree = BUILT_PRODUCTS_DIR; };
		28354D431F9A073B0098A85B /* AppDelegate.swift */ = {isa = PBXFileReference; lastKnownFileType = sourcecode.swift; path = AppDelegate.swift; sourceTree = "<group>"; };
		28354D451F9A073B0098A85B /* ViewController.swift */ = {isa = PBXFileReference; lastKnownFileType = sourcecode.swift; path = ViewController.swift; sourceTree = "<group>"; };
		28354D481F9A073B0098A85B /* Base */ = {isa = PBXFileReference; lastKnownFileType = file.storyboard; name = Base; path = Base.lproj/Main.storyboard; sourceTree = "<group>"; };
		28354D4A1F9A073B0098A85B /* Assets.xcassets */ = {isa = PBXFileReference; lastKnownFileType = folder.assetcatalog; path = Assets.xcassets; sourceTree = "<group>"; };
		28354D4D1F9A073B0098A85B /* Base */ = {isa = PBXFileReference; lastKnownFileType = file.storyboard; name = Base; path = Base.lproj/LaunchScreen.storyboard; sourceTree = "<group>"; };
		28354D4F1F9A073B0098A85B /* Info.plist */ = {isa = PBXFileReference; lastKnownFileType = text.plist.xml; path = Info.plist; sourceTree = "<group>"; };
		28354D551F9A0B860098A85B /* DynamicViewCell.swift */ = {isa = PBXFileReference; lastKnownFileType = sourcecode.swift; path = DynamicViewCell.swift; sourceTree = "<group>"; };
		28354D591F9A25770098A85B /* String+Random.swift */ = {isa = PBXFileReference; lastKnownFileType = sourcecode.swift; path = "String+Random.swift"; sourceTree = "<group>"; };
		28354D5B1F9A6CFE0098A85B /* Array+Model.swift */ = {isa = PBXFileReference; lastKnownFileType = sourcecode.swift; path = "Array+Model.swift"; sourceTree = "<group>"; };
/* End PBXFileReference section */

/* Begin PBXFrameworksBuildPhase section */
		28354D3D1F9A073B0098A85B /* Frameworks */ = {
			isa = PBXFrameworksBuildPhase;
			buildActionMask = 2147483647;
			files = (
			);
			runOnlyForDeploymentPostprocessing = 0;
		};
/* End PBXFrameworksBuildPhase section */

/* Begin PBXGroup section */
		28354D371F9A073B0098A85B = {
			isa = PBXGroup;
			children = (
				28354D421F9A073B0098A85B /* Dynamic Cell */,
				28354D411F9A073B0098A85B /* Products */,
			);
			sourceTree = "<group>";
		};
		28354D411F9A073B0098A85B /* Products */ = {
			isa = PBXGroup;
			children = (
				28354D401F9A073B0098A85B /* Dynamic Cell.app */,
			);
			name = Products;
			sourceTree = "<group>";
		};
		28354D421F9A073B0098A85B /* Dynamic Cell */ = {
			isa = PBXGroup;
			children = (
				28354D581F9A25550098A85B /* Extensions */,
				28354D571F9A0B9C0098A85B /* Classes */,
				28354D4A1F9A073B0098A85B /* Assets.xcassets */,
				28354D4F1F9A073B0098A85B /* Info.plist */,
				28354D4C1F9A073B0098A85B /* LaunchScreen.storyboard */,
				28354D471F9A073B0098A85B /* Main.storyboard */,
			);
			path = "Dynamic Cell";
			sourceTree = "<group>";
		};
		28354D571F9A0B9C0098A85B /* Classes */ = {
			isa = PBXGroup;
			children = (
				28354D431F9A073B0098A85B /* AppDelegate.swift */,
				28354D551F9A0B860098A85B /* DynamicViewCell.swift */,
				28354D451F9A073B0098A85B /* ViewController.swift */,
			);
			path = Classes;
			sourceTree = "<group>";
		};
		28354D581F9A25550098A85B /* Extensions */ = {
			isa = PBXGroup;
			children = (
				28354D5B1F9A6CFE0098A85B /* Array+Model.swift */,
				28354D591F9A25770098A85B /* String+Random.swift */,
			);
			path = Extensions;
			sourceTree = "<group>";
		};
/* End PBXGroup section */

/* Begin PBXNativeTarget section */
		28354D3F1F9A073B0098A85B /* Dynamic Cell */ = {
			isa = PBXNativeTarget;
			buildConfigurationList = 28354D521F9A073B0098A85B /* Build configuration list for PBXNativeTarget "Dynamic Cell" */;
			buildPhases = (
				28354D3C1F9A073B0098A85B /* Sources */,
				28354D3D1F9A073B0098A85B /* Frameworks */,
				28354D3E1F9A073B0098A85B /* Resources */,
			);
			buildRules = (
			);
			dependencies = (
			);
			name = "Dynamic Cell";
			productName = "Dynamic Cell";
			productReference = 28354D401F9A073B0098A85B /* Dynamic Cell.app */;
			productType = "com.apple.product-type.application";
		};
/* End PBXNativeTarget section */

/* Begin PBXProject section */
		28354D381F9A073B0098A85B /* Project object */ = {
			isa = PBXProject;
			attributes = {
				LastSwiftUpdateCheck = 0900;
				LastUpgradeCheck = 0900;
				ORGANIZATIONNAME = TC;
				TargetAttributes = {
					28354D3F1F9A073B0098A85B = {
						CreatedOnToolsVersion = 9.0.1;
						ProvisioningStyle = Automatic;
					};
				};
			};
			buildConfigurationList = 28354D3B1F9A073B0098A85B /* Build configuration list for PBXProject "Dynamic Cell" */;
			compatibilityVersion = "Xcode 8.0";
			developmentRegion = en;
			hasScannedForEncodings = 0;
			knownRegions = (
				en,
				Base,
			);
			mainGroup = 28354D371F9A073B0098A85B;
			productRefGroup = 28354D411F9A073B0098A85B /* Products */;
			projectDirPath = "";
			projectRoot = "";
			targets = (
				28354D3F1F9A073B0098A85B /* Dynamic Cell */,
			);
		};
/* End PBXProject section */

/* Begin PBXResourcesBuildPhase section */
		28354D3E1F9A073B0098A85B /* Resources */ = {
			isa = PBXResourcesBuildPhase;
			buildActionMask = 2147483647;
			files = (
				28354D4E1F9A073B0098A85B /* LaunchScreen.storyboard in Resources */,
				28354D4B1F9A073B0098A85B /* Assets.xcassets in Resources */,
				28354D491F9A073B0098A85B /* Main.storyboard in Resources */,
			);
			runOnlyForDeploymentPostprocessing = 0;
		};
/* End PBXResourcesBuildPhase section */

/* Begin PBXSourcesBuildPhase section */
		28354D3C1F9A073B0098A85B /* Sources */ = {
			isa = PBXSourcesBuildPhase;
			buildActionMask = 2147483647;
			files = (
				28354D461F9A073B0098A85B /* ViewController.swift in Sources */,
				28354D5A1F9A25770098A85B /* String+Random.swift in Sources */,
				28354D561F9A0B860098A85B /* DynamicViewCell.swift in Sources */,
				28354D441F9A073B0098A85B /* AppDelegate.swift in Sources */,
				28354D5C1F9A6CFE0098A85B /* Array+Model.swift in Sources */,
			);
			runOnlyForDeploymentPostprocessing = 0;
		};
/* End PBXSourcesBuildPhase section */

/* Begin PBXVariantGroup section */
		28354D471F9A073B0098A85B /* Main.storyboard */ = {
			isa = PBXVariantGroup;
			children = (
				28354D481F9A073B0098A85B /* Base */,
			);
			name = Main.storyboard;
			sourceTree = "<group>";
		};
		28354D4C1F9A073B0098A85B /* LaunchScreen.storyboard */ = {
			isa = PBXVariantGroup;
			children = (
				28354D4D1F9A073B0098A85B /* Base */,
			);
			name = LaunchScreen.storyboard;
			sourceTree = "<group>";
		};
/* End PBXVariantGroup section */

/* Begin XCBuildConfiguration section */
		28354D501F9A073B0098A85B /* Debug */ = {
			isa = XCBuildConfiguration;
			buildSettings = {
				ALWAYS_SEARCH_USER_PATHS = NO;
				CLANG_ANALYZER_NONNULL = YES;
				CLANG_ANALYZER_NUMBER_OBJECT_CONVERSION = YES_AGGRESSIVE;
				CLANG_CXX_LANGUAGE_STANDARD = "gnu++14";
				CLANG_CXX_LIBRARY = "libc++";
				CLANG_ENABLE_MODULES = YES;
				CLANG_ENABLE_OBJC_ARC = YES;
				CLANG_WARN_BLOCK_CAPTURE_AUTORELEASING = YES;
				CLANG_WARN_BOOL_CONVERSION = YES;
				CLANG_WARN_COMMA = YES;
				CLANG_WARN_CONSTANT_CONVERSION = YES;
				CLANG_WARN_DIRECT_OBJC_ISA_USAGE = YES_ERROR;
				CLANG_WARN_DOCUMENTATION_COMMENTS = YES;
				CLANG_WARN_EMPTY_BODY = YES;
				CLANG_WARN_ENUM_CONVERSION = YES;
				CLANG_WARN_INFINITE_RECURSION = YES;
				CLANG_WARN_INT_CONVERSION = YES;
				CLANG_WARN_NON_LITERAL_NULL_CONVERSION = YES;
				CLANG_WARN_OBJC_LITERAL_CONVERSION = YES;
				CLANG_WARN_OBJC_ROOT_CLASS = YES_ERROR;
				CLANG_WARN_RANGE_LOOP_ANALYSIS = YES;
				CLANG_WARN_STRICT_PROTOTYPES = YES;
				CLANG_WARN_SUSPICIOUS_MOVE = YES;
				CLANG_WARN_UNGUARDED_AVAILABILITY = YES_AGGRESSIVE;
				CLANG_WARN_UNREACHABLE_CODE = YES;
				CLANG_WARN__DUPLICATE_METHOD_MATCH = YES;
				CODE_SIGN_IDENTITY = "iPhone Developer";
				COPY_PHASE_STRIP = NO;
				DEBUG_INFORMATION_FORMAT = dwarf;
				ENABLE_STRICT_OBJC_MSGSEND = YES;
				ENABLE_TESTABILITY = YES;
				GCC_C_LANGUAGE_STANDARD = gnu11;
				GCC_DYNAMIC_NO_PIC = NO;
				GCC_NO_COMMON_BLOCKS = YES;
				GCC_OPTIMIZATION_LEVEL = 0;
				GCC_PREPROCESSOR_DEFINITIONS = (
					"DEBUG=1",
					"$(inherited)",
				);
				GCC_WARN_64_TO_32_BIT_CONVERSION = YES;
				GCC_WARN_ABOUT_RETURN_TYPE = YES_ERROR;
				GCC_WARN_UNDECLARED_SELECTOR = YES;
				GCC_WARN_UNINITIALIZED_AUTOS = YES_AGGRESSIVE;
				GCC_WARN_UNUSED_FUNCTION = YES;
				GCC_WARN_UNUSED_VARIABLE = YES;
				IPHONEOS_DEPLOYMENT_TARGET = 11.0;
				MTL_ENABLE_DEBUG_INFO = YES;
				ONLY_ACTIVE_ARCH = YES;
				SDKROOT = iphoneos;
				SWIFT_ACTIVE_COMPILATION_CONDITIONS = DEBUG;
				SWIFT_OPTIMIZATION_LEVEL = "-Onone";
			};
			name = Debug;
		};
		28354D511F9A073B0098A85B /* Release */ = {
			isa = XCBuildConfiguration;
			buildSettings = {
				ALWAYS_SEARCH_USER_PATHS = NO;
				CLANG_ANALYZER_NONNULL = YES;
				CLANG_ANALYZER_NUMBER_OBJECT_CONVERSION = YES_AGGRESSIVE;
				CLANG_CXX_LANGUAGE_STANDARD = "gnu++14";
				CLANG_CXX_LIBRARY = "libc++";
				CLANG_ENABLE_MODULES = YES;
				CLANG_ENABLE_OBJC_ARC = YES;
				CLANG_WARN_BLOCK_CAPTURE_AUTORELEASING = YES;
				CLANG_WARN_BOOL_CONVERSION = YES;
				CLANG_WARN_COMMA = YES;
				CLANG_WARN_CONSTANT_CONVERSION = YES;
				CLANG_WARN_DIRECT_OBJC_ISA_USAGE = YES_ERROR;
				CLANG_WARN_DOCUMENTATION_COMMENTS = YES;
				CLANG_WARN_EMPTY_BODY = YES;
				CLANG_WARN_ENUM_CONVERSION = YES;
				CLANG_WARN_INFINITE_RECURSION = YES;
				CLANG_WARN_INT_CONVERSION = YES;
				CLANG_WARN_NON_LITERAL_NULL_CONVERSION = YES;
				CLANG_WARN_OBJC_LITERAL_CONVERSION = YES;
				CLANG_WARN_OBJC_ROOT_CLASS = YES_ERROR;
				CLANG_WARN_RANGE_LOOP_ANALYSIS = YES;
				CLANG_WARN_STRICT_PROTOTYPES = YES;
				CLANG_WARN_SUSPICIOUS_MOVE = YES;
				CLANG_WARN_UNGUARDED_AVAILABILITY = YES_AGGRESSIVE;
				CLANG_WARN_UNREACHABLE_CODE = YES;
				CLANG_WARN__DUPLICATE_METHOD_MATCH = YES;
				CODE_SIGN_IDENTITY = "iPhone Developer";
				COPY_PHASE_STRIP = NO;
				DEBUG_INFORMATION_FORMAT = "dwarf-with-dsym";
				ENABLE_NS_ASSERTIONS = NO;
				ENABLE_STRICT_OBJC_MSGSEND = YES;
				GCC_C_LANGUAGE_STANDARD = gnu11;
				GCC_NO_COMMON_BLOCKS = YES;
				GCC_WARN_64_TO_32_BIT_CONVERSION = YES;
				GCC_WARN_ABOUT_RETURN_TYPE = YES_ERROR;
				GCC_WARN_UNDECLARED_SELECTOR = YES;
				GCC_WARN_UNINITIALIZED_AUTOS = YES_AGGRESSIVE;
				GCC_WARN_UNUSED_FUNCTION = YES;
				GCC_WARN_UNUSED_VARIABLE = YES;
				IPHONEOS_DEPLOYMENT_TARGET = 11.0;
				MTL_ENABLE_DEBUG_INFO = NO;
				SDKROOT = iphoneos;
				SWIFT_OPTIMIZATION_LEVEL = "-Owholemodule";
				VALIDATE_PRODUCT = YES;
			};
			name = Release;
		};
		28354D531F9A073B0098A85B /* Debug */ = {
			isa = XCBuildConfiguration;
			buildSettings = {
				ASSETCATALOG_COMPILER_APPICON_NAME = AppIcon;
				"CODE_SIGN_IDENTITY[sdk=iphoneos*]" = "iPhone Developer";
				CODE_SIGN_STYLE = Automatic;
				DEVELOPMENT_TEAM = GRHFV79LET;
				INFOPLIST_FILE = "Dynamic Cell/Info.plist";
				LD_RUNPATH_SEARCH_PATHS = "$(inherited) @executable_path/Frameworks";
				PRODUCT_BUNDLE_IDENTIFIER = "com.TomaszCzyzak.Dynamic-Cell";
				PRODUCT_NAME = "$(TARGET_NAME)";
				PROVISIONING_PROFILE_SPECIFIER = "";
				SWIFT_VERSION = 4.0;
				TARGETED_DEVICE_FAMILY = "1,2";
			};
			name = Debug;
		};
		28354D541F9A073B0098A85B /* Release */ = {
			isa = XCBuildConfiguration;
			buildSettings = {
				ASSETCATALOG_COMPILER_APPICON_NAME = AppIcon;
				"CODE_SIGN_IDENTITY[sdk=iphoneos*]" = "iPhone Developer";
				CODE_SIGN_STYLE = Automatic;
				DEVELOPMENT_TEAM = GRHFV79LET;
				INFOPLIST_FILE = "Dynamic Cell/Info.plist";
				LD_RUNPATH_SEARCH_PATHS = "$(inherited) @executable_path/Frameworks";
				PRODUCT_BUNDLE_IDENTIFIER = "com.TomaszCzyzak.Dynamic-Cell";
				PRODUCT_NAME = "$(TARGET_NAME)";
				PROVISIONING_PROFILE_SPECIFIER = "";
				SWIFT_VERSION = 4.0;
				TARGETED_DEVICE_FAMILY = "1,2";
			};
			name = Release;
		};
/* End XCBuildConfiguration section */

/* Begin XCConfigurationList section */
		28354D3B1F9A073B0098A85B /* Build configuration list for PBXProject "Dynamic Cell" */ = {
			isa = XCConfigurationList;
			buildConfigurations = (
				28354D501F9A073B0098A85B /* Debug */,
				28354D511F9A073B0098A85B /* Release */,
			);
			defaultConfigurationIsVisible = 0;
			defaultConfigurationName = Release;
		};
		28354D521F9A073B0098A85B /* Build configuration list for PBXNativeTarget "Dynamic Cell" */ = {
			isa = XCConfigurationList;
			buildConfigurations = (
				28354D531F9A073B0098A85B /* Debug */,
				28354D541F9A073B0098A85B /* Release */,
			);
			defaultConfigurationIsVisible = 0;
			defaultConfigurationName = Release;
		};
/* End XCConfigurationList section */
	};
	rootObject = 28354D381F9A073B0098A85B /* Project object */;
}
